
Microsoft Visual Studio Solution File, Format Version 12.00
# Visual Studio Version 16
VisualStudioVersion = 16.0.30114.105
MinimumVisualStudioVersion = 10.0.40219.1
Project("{FAE04EC0-301F-11D3-BF4B-00C04F79EFBC}") = "Output-Service", "Output-Service\Output-Service.csproj", "{65D4016F-95A0-4325-A435-50DE5DFC3E5A}"
EndProject
Global
	GlobalSection(SolutionConfigurationPlatforms) = preSolution
		Debug|Any CPU = Debug|Any CPU
		Release|Any CPU = Release|Any CPU
	EndGlobalSection
	GlobalSection(ProjectConfigurationPlatforms) = postSolution
		{65D4016F-95A0-4325-A435-50DE5DFC3E5A}.Debug|Any CPU.ActiveCfg = Debug|Any CPU
		{65D4016F-95A0-4325-A435-50DE5DFC3E5A}.Debug|Any CPU.Build.0 = Debug|Any CPU
		{65D4016F-95A0-4325-A435-50DE5DFC3E5A}.Release|Any CPU.ActiveCfg = Release|Any CPU
		{65D4016F-95A0-4325-A435-50DE5DFC3E5A}.Release|Any CPU.Build.0 = Release|Any CPU
	EndGlobalSection
	GlobalSection(SolutionProperties) = preSolution
		HideSolutionNode = FALSE
	EndGlobalSection
	GlobalSection(ExtensibilityGlobals) = postSolution
		SolutionGuid = {C1AD4453-5ABC-4708-9080-0F18D0ADF6FC}
	EndGlobalSection
EndGlobal
